
Microsoft Visual Studio Solution File, Format Version 12.00
# Visual Studio Version 17
VisualStudioVersion = 17.11.35327.3
MinimumVisualStudioVersion = 10.0.40219.1
Project("{FAE04EC0-301F-11D3-BF4B-00C04F79EFBC}") = "Domain", "Domain\Domain.csproj", "{9F19CFDA-41EF-459E-802B-4EFAF1531EDD}"
EndProject
Project("{FAE04EC0-301F-11D3-BF4B-00C04F79EFBC}") = "Resources", "Resources\Resources.csproj", "{D469AE40-5B6D-4452-9E67-53A41FD510B4}"
EndProject
Global
	GlobalSection(SolutionConfigurationPlatforms) = preSolution
		Debug|Any CPU = Debug|Any CPU
		Release|Any CPU = Release|Any CPU
	EndGlobalSection
	GlobalSection(ProjectConfigurationPlatforms) = postSolution
		{9F19CFDA-41EF-459E-802B-4EFAF1531EDD}.Debug|Any CPU.ActiveCfg = Debug|Any CPU
		{9F19CFDA-41EF-459E-802B-4EFAF1531EDD}.Debug|Any CPU.Build.0 = Debug|Any CPU
		{9F19CFDA-41EF-459E-802B-4EFAF1531EDD}.Release|Any CPU.ActiveCfg = Release|Any CPU
		{9F19CFDA-41EF-459E-802B-4EFAF1531EDD}.Release|Any CPU.Build.0 = Release|Any CPU
		{D469AE40-5B6D-4452-9E67-53A41FD510B4}.Debug|Any CPU.ActiveCfg = Debug|Any CPU
		{D469AE40-5B6D-4452-9E67-53A41FD510B4}.Debug|Any CPU.Build.0 = Debug|Any CPU
		{D469AE40-5B6D-4452-9E67-53A41FD510B4}.Release|Any CPU.ActiveCfg = Release|Any CPU
		{D469AE40-5B6D-4452-9E67-53A41FD510B4}.Release|Any CPU.Build.0 = Release|Any CPU
	EndGlobalSection
	GlobalSection(SolutionProperties) = preSolution
		HideSolutionNode = FALSE
	EndGlobalSection
	GlobalSection(ExtensibilityGlobals) = postSolution
		SolutionGuid = {F837CD08-1120-4015-A852-C1F72BAA8D5F}
	EndGlobalSection
EndGlobal
