
Microsoft Visual Studio Solution File, Format Version 12.00
# Visual Studio Version 17
VisualStudioVersion = 17.11.35327.3
MinimumVisualStudioVersion = 10.0.40219.1
Project("{FAE04EC0-301F-11D3-BF4B-00C04F79EFBC}") = "KHN.API", "KHN.API\KHN.API.csproj", "{31B5CD17-8E18-4AE1-82B5-EE8DF5E0C5F7}"
EndProject
Project("{FAE04EC0-301F-11D3-BF4B-00C04F79EFBC}") = "KHN.Grpc", "KHN.Grpc\KHN.Grpc.csproj", "{3E262BB1-C0BF-4EF8-A56E-857A3E5D938B}"
EndProject
Project("{FAE04EC0-301F-11D3-BF4B-00C04F79EFBC}") = "KHN.Worker", "KHN.Worker\KHN.Worker.csproj", "{5D81B59B-1DD3-42F5-A2EF-F4BE0BB204BF}"
EndProject
Project("{FAE04EC0-301F-11D3-BF4B-00C04F79EFBC}") = "KHN.Shared", "KHN.Shared\KHN.Shared.csproj", "{CC324547-FE7A-49B8-A0C5-57FABDC2C660}"
EndProject
Project("{FAE04EC0-301F-11D3-BF4B-00C04F79EFBC}") = "KHN.Test", "KHN.Test\KHN.Test.csproj", "{23F767E8-5593-436B-87DB-5A7858862FB8}"
EndProject
Project("{FAE04EC0-301F-11D3-BF4B-00C04F79EFBC}") = "KHN.Domain", "KHN.Domain\KHN.Domain.csproj", "{BC4F6429-B149-4820-9B16-227C5C63D92D}"
EndProject
Project("{FAE04EC0-301F-11D3-BF4B-00C04F79EFBC}") = "KHN.Service", "KHN.Service\KHN.Service.csproj", "{A539E8DD-A6FC-4A89-A191-2E391439664F}"
EndProject
Global
	GlobalSection(SolutionConfigurationPlatforms) = preSolution
		Debug|Any CPU = Debug|Any CPU
		Release|Any CPU = Release|Any CPU
	EndGlobalSection
	GlobalSection(ProjectConfigurationPlatforms) = postSolution
		{31B5CD17-8E18-4AE1-82B5-EE8DF5E0C5F7}.Debug|Any CPU.ActiveCfg = Debug|Any CPU
		{31B5CD17-8E18-4AE1-82B5-EE8DF5E0C5F7}.Debug|Any CPU.Build.0 = Debug|Any CPU
		{31B5CD17-8E18-4AE1-82B5-EE8DF5E0C5F7}.Release|Any CPU.ActiveCfg = Release|Any CPU
		{31B5CD17-8E18-4AE1-82B5-EE8DF5E0C5F7}.Release|Any CPU.Build.0 = Release|Any CPU
		{3E262BB1-C0BF-4EF8-A56E-857A3E5D938B}.Debug|Any CPU.ActiveCfg = Debug|Any CPU
		{3E262BB1-C0BF-4EF8-A56E-857A3E5D938B}.Debug|Any CPU.Build.0 = Debug|Any CPU
		{3E262BB1-C0BF-4EF8-A56E-857A3E5D938B}.Release|Any CPU.ActiveCfg = Release|Any CPU
		{3E262BB1-C0BF-4EF8-A56E-857A3E5D938B}.Release|Any CPU.Build.0 = Release|Any CPU
		{5D81B59B-1DD3-42F5-A2EF-F4BE0BB204BF}.Debug|Any CPU.ActiveCfg = Debug|Any CPU
		{5D81B59B-1DD3-42F5-A2EF-F4BE0BB204BF}.Debug|Any CPU.Build.0 = Debug|Any CPU
		{5D81B59B-1DD3-42F5-A2EF-F4BE0BB204BF}.Release|Any CPU.ActiveCfg = Release|Any CPU
		{5D81B59B-1DD3-42F5-A2EF-F4BE0BB204BF}.Release|Any CPU.Build.0 = Release|Any CPU
		{CC324547-FE7A-49B8-A0C5-57FABDC2C660}.Debug|Any CPU.ActiveCfg = Debug|Any CPU
		{CC324547-FE7A-49B8-A0C5-57FABDC2C660}.Debug|Any CPU.Build.0 = Debug|Any CPU
		{CC324547-FE7A-49B8-A0C5-57FABDC2C660}.Release|Any CPU.ActiveCfg = Release|Any CPU
		{CC324547-FE7A-49B8-A0C5-57FABDC2C660}.Release|Any CPU.Build.0 = Release|Any CPU
		{23F767E8-5593-436B-87DB-5A7858862FB8}.Debug|Any CPU.ActiveCfg = Debug|Any CPU
		{23F767E8-5593-436B-87DB-5A7858862FB8}.Debug|Any CPU.Build.0 = Debug|Any CPU
		{23F767E8-5593-436B-87DB-5A7858862FB8}.Release|Any CPU.ActiveCfg = Release|Any CPU
		{23F767E8-5593-436B-87DB-5A7858862FB8}.Release|Any CPU.Build.0 = Release|Any CPU
		{BC4F6429-B149-4820-9B16-227C5C63D92D}.Debug|Any CPU.ActiveCfg = Debug|Any CPU
		{BC4F6429-B149-4820-9B16-227C5C63D92D}.Debug|Any CPU.Build.0 = Debug|Any CPU
		{BC4F6429-B149-4820-9B16-227C5C63D92D}.Release|Any CPU.ActiveCfg = Release|Any CPU
		{BC4F6429-B149-4820-9B16-227C5C63D92D}.Release|Any CPU.Build.0 = Release|Any CPU
		{A539E8DD-A6FC-4A89-A191-2E391439664F}.Debug|Any CPU.ActiveCfg = Debug|Any CPU
		{A539E8DD-A6FC-4A89-A191-2E391439664F}.Debug|Any CPU.Build.0 = Debug|Any CPU
		{A539E8DD-A6FC-4A89-A191-2E391439664F}.Release|Any CPU.ActiveCfg = Release|Any CPU
		{A539E8DD-A6FC-4A89-A191-2E391439664F}.Release|Any CPU.Build.0 = Release|Any CPU
	EndGlobalSection
	GlobalSection(SolutionProperties) = preSolution
		HideSolutionNode = FALSE
	EndGlobalSection
	GlobalSection(ExtensibilityGlobals) = postSolution
		SolutionGuid = {F837CD08-1120-4015-A852-C1F72BAA8D5F}
	EndGlobalSection
EndGlobal
